
Microsoft Visual Studio Solution File, Format Version 12.00
# Visual Studio Version 16
VisualStudioVersion = 16.0.30523.141
MinimumVisualStudioVersion = 10.0.40219.1
Project("{FAE04EC0-301F-11D3-BF4B-00C04F79EFBC}") = "MemoryBefore", "MemoryBefore\MemoryBefore.csproj", "{C35C2403-C2F1-45AC-9E14-4B332F6A8FF3}"
EndProject
Global
	GlobalSection(SolutionConfigurationPlatforms) = preSolution
		Debug|Any CPU = Debug|Any CPU
		Release|Any CPU = Release|Any CPU
	EndGlobalSection
	GlobalSection(ProjectConfigurationPlatforms) = postSolution
		{C35C2403-C2F1-45AC-9E14-4B332F6A8FF3}.Debug|Any CPU.ActiveCfg = Debug|Any CPU
		{C35C2403-C2F1-45AC-9E14-4B332F6A8FF3}.Debug|Any CPU.Build.0 = Debug|Any CPU
		{C35C2403-C2F1-45AC-9E14-4B332F6A8FF3}.Release|Any CPU.ActiveCfg = Release|Any CPU
		{C35C2403-C2F1-45AC-9E14-4B332F6A8FF3}.Release|Any CPU.Build.0 = Release|Any CPU
	EndGlobalSection
	GlobalSection(SolutionProperties) = preSolution
		HideSolutionNode = FALSE
	EndGlobalSection
	GlobalSection(ExtensibilityGlobals) = postSolution
		SolutionGuid = {D99B0B25-ED13-4422-B070-DBA90A93B26C}
	EndGlobalSection
EndGlobal
